
Microsoft Visual Studio Solution File, Format Version 12.00
# Visual Studio Version 16
VisualStudioVersion = 16.0.29306.81
MinimumVisualStudioVersion = 10.0.40219.1
Project("{9A19103F-16F7-4668-BE54-9A1E7A4F7556}") = "InventoryApp", "InventoryApp\InventoryApp.csproj", "{D65BCE91-2E69-409C-AB21-E7161E34F843}"
EndProject
Project("{FAE04EC0-301F-11D3-BF4B-00C04F79EFBC}") = "InventoryUI", "InventoryUI\InventoryUI.csproj", "{69D381EF-FDC9-44DF-AA90-8FF2688B1F70}"
EndProject
Global
	GlobalSection(SolutionConfigurationPlatforms) = preSolution
		Debug|Any CPU = Debug|Any CPU
		Release|Any CPU = Release|Any CPU
	EndGlobalSection
	GlobalSection(ProjectConfigurationPlatforms) = postSolution
		{D65BCE91-2E69-409C-AB21-E7161E34F843}.Debug|Any CPU.ActiveCfg = Debug|Any CPU
		{D65BCE91-2E69-409C-AB21-E7161E34F843}.Debug|Any CPU.Build.0 = Debug|Any CPU
		{D65BCE91-2E69-409C-AB21-E7161E34F843}.Release|Any CPU.ActiveCfg = Release|Any CPU
		{D65BCE91-2E69-409C-AB21-E7161E34F843}.Release|Any CPU.Build.0 = Release|Any CPU
		{69D381EF-FDC9-44DF-AA90-8FF2688B1F70}.Debug|Any CPU.ActiveCfg = Debug|Any CPU
		{69D381EF-FDC9-44DF-AA90-8FF2688B1F70}.Debug|Any CPU.Build.0 = Debug|Any CPU
		{69D381EF-FDC9-44DF-AA90-8FF2688B1F70}.Release|Any CPU.ActiveCfg = Release|Any CPU
		{69D381EF-FDC9-44DF-AA90-8FF2688B1F70}.Release|Any CPU.Build.0 = Release|Any CPU
	EndGlobalSection
	GlobalSection(SolutionProperties) = preSolution
		HideSolutionNode = FALSE
	EndGlobalSection
	GlobalSection(ExtensibilityGlobals) = postSolution
		SolutionGuid = {09D9522A-4167-4CA0-BBE1-442739983B73}
	EndGlobalSection
EndGlobal
